
Microsoft Visual Studio Solution File, Format Version 12.00
# Visual Studio Version 17
VisualStudioVersion = 17.6.33723.286
MinimumVisualStudioVersion = 10.0.40219.1
Project("{FAE04EC0-301F-11D3-BF4B-00C04F79EFBC}") = "MyFirstCsharp", "MyFirstCsharp\MyFirstCsharp.csproj", "{B55B8278-67E6-4512-B32A-71C7CE62E2F2}"
EndProject
Global
	GlobalSection(SolutionConfigurationPlatforms) = preSolution
		Debug|Any CPU = Debug|Any CPU
		Release|Any CPU = Release|Any CPU
	EndGlobalSection
	GlobalSection(ProjectConfigurationPlatforms) = postSolution
		{B55B8278-67E6-4512-B32A-71C7CE62E2F2}.Debug|Any CPU.ActiveCfg = Debug|Any CPU
		{B55B8278-67E6-4512-B32A-71C7CE62E2F2}.Debug|Any CPU.Build.0 = Debug|Any CPU
		{B55B8278-67E6-4512-B32A-71C7CE62E2F2}.Release|Any CPU.ActiveCfg = Release|Any CPU
		{B55B8278-67E6-4512-B32A-71C7CE62E2F2}.Release|Any CPU.Build.0 = Release|Any CPU
	EndGlobalSection
	GlobalSection(SolutionProperties) = preSolution
		HideSolutionNode = FALSE
	EndGlobalSection
	GlobalSection(ExtensibilityGlobals) = postSolution
		SolutionGuid = {A83605CA-97B7-4A45-816E-345787757513}
	EndGlobalSection
EndGlobal
